{
  "lockfile_version": "1",
  "packages": {
    "github:NixOS/nixpkgs/nixpkgs-unstable": {
      "last_modified": "2026-02-16T02:09:13Z",
      "resolved": "github:NixOS/nixpkgs/d1c15b7d5806069da59e819999d70e1cec0760bf?lastModified=1771207753&narHash=sha256-b9uG8yN50DRQ6A7JdZBfzq718ryYrlmGgqkRm9OOwCE%3D"
    },
    "nodejs@latest": {
      "last_modified": "2026-02-23T15:40:43Z",
      "plugin_version": "0.0.2",
      "resolved": "github:NixOS/nixpkgs/80d901ec0377e19ac3f7bb8c035201e2e098cc97#nodejs_25",
      "source": "devbox-search",
      "version": "25.6.1",
      "systems": {
        "aarch64-darwin": {
          "outputs": [
            {
              "name": "out",
              "path": "/nix/store/lrmv7ydmid4q4w4k26sf4cyf8xr8ddaj-nodejs-25.6.1",
              "default": true
            }
          ],
          "store_path": "/nix/store/lrmv7ydmid4q4w4k26sf4cyf8xr8ddaj-nodejs-25.6.1"
        },
        "aarch64-linux": {
          "outputs": [
            {
              "name": "out",
              "path": "/nix/store/mrxnhzmjfsqlyzlhpb7i2zg0wrcfkrr2-nodejs-25.6.1",
              "default": true
            }
          ],
          "store_path": "/nix/store/mrxnhzmjfsqlyzlhpb7i2zg0wrcfkrr2-nodejs-25.6.1"
        },
        "x86_64-darwin": {
          "outputs": [
            {
              "name": "out",
              "path": "/nix/store/jwxqhvrh5h0m2s7vlbw2ybpp8iwsw6b1-nodejs-25.6.1",
              "default": true
            }
          ],
          "store_path": "/nix/store/jwxqhvrh5h0m2s7vlbw2ybpp8iwsw6b1-nodejs-25.6.1"
        },
        "x86_64-linux": {
          "outputs": [
            {
              "name": "out",
              "path": "/nix/store/zjvq56s3ja8pfdqanqxkg6gk1idd3ir3-nodejs-25.6.1",
              "default": true
            }
          ],
          "store_path": "/nix/store/zjvq56s3ja8pfdqanqxkg6gk1idd3ir3-nodejs-25.6.1"
        }
      }
    }
  }
}
